// !$*UTF8*$!
{
	archiveVersion = 1;
	classes = {
	};
	objectVersion = 46;
	objects = {

/* Begin PBXBuildFile section */
		6C1BDB4D1D804C0A00563CB9 /* main.m in Sources */ = {isa = PBXBuildFile; fileRef = 6C1BDB4C1D804C0A00563CB9 /* main.m */; };
		6C1BDB501D804C0A00563CB9 /* AppDelegate.m in Sources */ = {isa = PBXBuildFile; fileRef = 6C1BDB4F1D804C0A00563CB9 /* AppDelegate.m */; };
		6C1BDB531D804C0A00563CB9 /* ViewController.m in Sources */ = {isa = PBXBuildFile; fileRef = 6C1BDB521D804C0A00563CB9 /* ViewController.m */; };
		6C1BDB561D804C0A00563CB9 /* Main.storyboard in Resources */ = {isa = PBXBuildFile; fileRef = 6C1BDB541D804C0A00563CB9 /* Main.storyboard */; };
		6C1BDB581D804C0A00563CB9 /* Assets.xcassets in Resources */ = {isa = PBXBuildFile; fileRef = 6C1BDB571D804C0A00563CB9 /* Assets.xcassets */; };
		6C1BDB5B1D804C0A00563CB9 /* LaunchScreen.storyboard in Resources */ = {isa = PBXBuildFile; fileRef = 6C1BDB591D804C0A00563CB9 /* LaunchScreen.storyboard */; };
		6C1BDB661D804C0A00563CB9 /* ____Tests.m in Sources */ = {isa = PBXBuildFile; fileRef = 6C1BDB651D804C0A00563CB9 /* ____Tests.m */; };
		6C1BDB711D804C0A00563CB9 /* ____UITests.m in Sources */ = {isa = PBXBuildFile; fileRef = 6C1BDB701D804C0A00563CB9 /* ____UITests.m */; };
		6C261A611D8D2DF100CEC937 /* 歌词.lrc in Resources */ = {isa = PBXBuildFile; fileRef = 6C261A5E1D8D2DF100CEC937 /* 歌词.lrc */; };
		6C261A621D8D2DF100CEC937 /* 音乐.mp3 in Resources */ = {isa = PBXBuildFile; fileRef = 6C261A5F1D8D2DF100CEC937 /* 音乐.mp3 */; };
		6CDF59821DE2E59A0088433C /* Lrc.m in Sources */ = {isa = PBXBuildFile; fileRef = 6CDF59811DE2E59A0088433C /* Lrc.m */; };
/* End PBXBuildFile section */

/* Begin PBXContainerItemProxy section */
		6C1BDB621D804C0A00563CB9 /* PBXContainerItemProxy */ = {
			isa = PBXContainerItemProxy;
			containerPortal = 6C1BDB401D804C0A00563CB9 /* Project object */;
			proxyType = 1;
			remoteGlobalIDString = 6C1BDB471D804C0A00563CB9;
			remoteInfo = "播放声音";
		};
		6C1BDB6D1D804C0A00563CB9 /* PBXContainerItemProxy */ = {
			isa = PBXContainerItemProxy;
			containerPortal = 6C1BDB401D804C0A00563CB9 /* Project object */;
			proxyType = 1;
			remoteGlobalIDString = 6C1BDB471D804C0A00563CB9;
			remoteInfo = "播放声音";
		};
/* End PBXContainerItemProxy section */

/* Begin PBXFileReference section */
		6C1BDB481D804C0A00563CB9 /* 播放声音.app */ = {isa = PBXFileReference; explicitFileType = wrapper.application; includeInIndex = 0; path = "播放声音.app"; sourceTree = BUILT_PRODUCTS_DIR; };
		6C1BDB4C1D804C0A00563CB9 /* main.m */ = {isa = PBXFileReference; lastKnownFileType = sourcecode.c.objc; path = main.m; sourceTree = "<group>"; };
		6C1BDB4E1D804C0A00563CB9 /* AppDelegate.h */ = {isa = PBXFileReference; lastKnownFileType = sourcecode.c.h; path = AppDelegate.h; sourceTree = "<group>"; };
		6C1BDB4F1D804C0A00563CB9 /* AppDelegate.m */ = {isa = PBXFileReference; lastKnownFileType = sourcecode.c.objc; path = AppDelegate.m; sourceTree = "<group>"; };
		6C1BDB511D804C0A00563CB9 /* ViewController.h */ = {isa = PBXFileReference; lastKnownFileType = sourcecode.c.h; path = ViewController.h; sourceTree = "<group>"; };
		6C1BDB521D804C0A00563CB9 /* ViewController.m */ = {isa = PBXFileReference; lastKnownFileType = sourcecode.c.objc; path = ViewController.m; sourceTree = "<group>"; };
		6C1BDB551D804C0A00563CB9 /* Base */ = {isa = PBXFileReference; lastKnownFileType = file.storyboard; name = Base; path = Base.lproj/Main.storyboard; sourceTree = "<group>"; };
		6C1BDB571D804C0A00563CB9 /* Assets.xcassets */ = {isa = PBXFileReference; lastKnownFileType = folder.assetcatalog; path = Assets.xcassets; sourceTree = "<group>"; };
		6C1BDB5A1D804C0A00563CB9 /* Base */ = {isa = PBXFileReference; lastKnownFileType = file.storyboard; name = Base; path = Base.lproj/LaunchScreen.storyboard; sourceTree = "<group>"; };
		6C1BDB5C1D804C0A00563CB9 /* Info.plist */ = {isa = PBXFileReference; lastKnownFileType = text.plist.xml; path = Info.plist; sourceTree = "<group>"; };
		6C1BDB611D804C0A00563CB9 /* 播放声音Tests.xctest */ = {isa = PBXFileReference; explicitFileType = wrapper.cfbundle; includeInIndex = 0; path = "播放声音Tests.xctest"; sourceTree = BUILT_PRODUCTS_DIR; };
		6C1BDB651D804C0A00563CB9 /* ____Tests.m */ = {isa = PBXFileReference; lastKnownFileType = sourcecode.c.objc; path = "____Tests.m"; sourceTree = "<group>"; };
		6C1BDB671D804C0A00563CB9 /* Info.plist */ = {isa = PBXFileReference; lastKnownFileType = text.plist.xml; path = Info.plist; sourceTree = "<group>"; };
		6C1BDB6C1D804C0A00563CB9 /* 播放声音UITests.xctest */ = {isa = PBXFileReference; explicitFileType = wrapper.cfbundle; includeInIndex = 0; path = "播放声音UITests.xctest"; sourceTree = BUILT_PRODUCTS_DIR; };
		6C1BDB701D804C0A00563CB9 /* ____UITests.m */ = {isa = PBXFileReference; lastKnownFileType = sourcecode.c.objc; path = "____UITests.m"; sourceTree = "<group>"; };
		6C1BDB721D804C0A00563CB9 /* Info.plist */ = {isa = PBXFileReference; lastKnownFileType = text.plist.xml; path = Info.plist; sourceTree = "<group>"; };
		6C261A5E1D8D2DF100CEC937 /* 歌词.lrc */ = {isa = PBXFileReference; fileEncoding = 4; lastKnownFileType = text; path = "歌词.lrc"; sourceTree = "<group>"; };
		6C261A5F1D8D2DF100CEC937 /* 音乐.mp3 */ = {isa = PBXFileReference; lastKnownFileType = audio.mp3; path = "音乐.mp3"; sourceTree = "<group>"; };
		6CDF59801DE2E59A0088433C /* Lrc.h */ = {isa = PBXFileReference; fileEncoding = 4; lastKnownFileType = sourcecode.c.h; path = Lrc.h; sourceTree = "<group>"; };
		6CDF59811DE2E59A0088433C /* Lrc.m */ = {isa = PBXFileReference; fileEncoding = 4; lastKnownFileType = sourcecode.c.objc; path = Lrc.m; sourceTree = "<group>"; };
/* End PBXFileReference section */

/* Begin PBXFrameworksBuildPhase section */
		6C1BDB451D804C0A00563CB9 /* Frameworks */ = {
			isa = PBXFrameworksBuildPhase;
			buildActionMask = 2147483647;
			files = (
			);
			runOnlyForDeploymentPostprocessing = 0;
		};
		6C1BDB5E1D804C0A00563CB9 /* Frameworks */ = {
			isa = PBXFrameworksBuildPhase;
			buildActionMask = 2147483647;
			files = (
			);
			runOnlyForDeploymentPostprocessing = 0;
		};
		6C1BDB691D804C0A00563CB9 /* Frameworks */ = {
			isa = PBXFrameworksBuildPhase;
			buildActionMask = 2147483647;
			files = (
			);
			runOnlyForDeploymentPostprocessing = 0;
		};
/* End PBXFrameworksBuildPhase section */

/* Begin PBXGroup section */
		6C1BDB3F1D804C0A00563CB9 = {
			isa = PBXGroup;
			children = (
				6C1BDB4A1D804C0A00563CB9 /* 播放声音 */,
				6C1BDB641D804C0A00563CB9 /* 播放声音Tests */,
				6C1BDB6F1D804C0A00563CB9 /* 播放声音UITests */,
				6C1BDB491D804C0A00563CB9 /* Products */,
			);
			sourceTree = "<group>";
		};
		6C1BDB491D804C0A00563CB9 /* Products */ = {
			isa = PBXGroup;
			children = (
				6C1BDB481D804C0A00563CB9 /* 播放声音.app */,
				6C1BDB611D804C0A00563CB9 /* 播放声音Tests.xctest */,
				6C1BDB6C1D804C0A00563CB9 /* 播放声音UITests.xctest */,
			);
			name = Products;
			sourceTree = "<group>";
		};
		6C1BDB4A1D804C0A00563CB9 /* 播放声音 */ = {
			isa = PBXGroup;
			children = (
				6C1BDB4E1D804C0A00563CB9 /* AppDelegate.h */,
				6C1BDB4F1D804C0A00563CB9 /* AppDelegate.m */,
				6C1BDB511D804C0A00563CB9 /* ViewController.h */,
				6C1BDB521D804C0A00563CB9 /* ViewController.m */,
				6CDF59801DE2E59A0088433C /* Lrc.h */,
				6CDF59811DE2E59A0088433C /* Lrc.m */,
				6C1BDB541D804C0A00563CB9 /* Main.storyboard */,
				6C1BDB571D804C0A00563CB9 /* Assets.xcassets */,
				6C1BDB591D804C0A00563CB9 /* LaunchScreen.storyboard */,
				6C1BDB5C1D804C0A00563CB9 /* Info.plist */,
				6C1BDB4B1D804C0A00563CB9 /* Supporting Files */,
			);
			path = "播放声音";
			sourceTree = "<group>";
		};
		6C1BDB4B1D804C0A00563CB9 /* Supporting Files */ = {
			isa = PBXGroup;
			children = (
				6C261A5E1D8D2DF100CEC937 /* 歌词.lrc */,
				6C261A5F1D8D2DF100CEC937 /* 音乐.mp3 */,
				6C1BDB4C1D804C0A00563CB9 /* main.m */,
			);
			name = "Supporting Files";
			sourceTree = "<group>";
		};
		6C1BDB641D804C0A00563CB9 /* 播放声音Tests */ = {
			isa = PBXGroup;
			children = (
				6C1BDB651D804C0A00563CB9 /* ____Tests.m */,
				6C1BDB671D804C0A00563CB9 /* Info.plist */,
			);
			path = "播放声音Tests";
			sourceTree = "<group>";
		};
		6C1BDB6F1D804C0A00563CB9 /* 播放声音UITests */ = {
			isa = PBXGroup;
			children = (
				6C1BDB701D804C0A00563CB9 /* ____UITests.m */,
				6C1BDB721D804C0A00563CB9 /* Info.plist */,
			);
			path = "播放声音UITests";
			sourceTree = "<group>";
		};
/* End PBXGroup section */

/* Begin PBXNativeTarget section */
		6C1BDB471D804C0A00563CB9 /* 播放声音 */ = {
			isa = PBXNativeTarget;
			buildConfigurationList = 6C1BDB751D804C0A00563CB9 /* Build configuration list for PBXNativeTarget "播放声音" */;
			buildPhases = (
				6C1BDB441D804C0A00563CB9 /* Sources */,
				6C1BDB451D804C0A00563CB9 /* Frameworks */,
				6C1BDB461D804C0A00563CB9 /* Resources */,
			);
			buildRules = (
			);
			dependencies = (
			);
			name = "播放声音";
			productName = "播放声音";
			productReference = 6C1BDB481D804C0A00563CB9 /* 播放声音.app */;
			productType = "com.apple.product-type.application";
		};
		6C1BDB601D804C0A00563CB9 /* 播放声音Tests */ = {
			isa = PBXNativeTarget;
			buildConfigurationList = 6C1BDB781D804C0A00563CB9 /* Build configuration list for PBXNativeTarget "播放声音Tests" */;
			buildPhases = (
				6C1BDB5D1D804C0A00563CB9 /* Sources */,
				6C1BDB5E1D804C0A00563CB9 /* Frameworks */,
				6C1BDB5F1D804C0A00563CB9 /* Resources */,
			);
			buildRules = (
			);
			dependencies = (
				6C1BDB631D804C0A00563CB9 /* PBXTargetDependency */,
			);
			name = "播放声音Tests";
			productName = "播放声音Tests";
			productReference = 6C1BDB611D804C0A00563CB9 /* 播放声音Tests.xctest */;
			productType = "com.apple.product-type.bundle.unit-test";
		};
		6C1BDB6B1D804C0A00563CB9 /* 播放声音UITests */ = {
			isa = PBXNativeTarget;
			buildConfigurationList = 6C1BDB7B1D804C0A00563CB9 /* Build configuration list for PBXNativeTarget "播放声音UITests" */;
			buildPhases = (
				6C1BDB681D804C0A00563CB9 /* Sources */,
				6C1BDB691D804C0A00563CB9 /* Frameworks */,
				6C1BDB6A1D804C0A00563CB9 /* Resources */,
			);
			buildRules = (
			);
			dependencies = (
				6C1BDB6E1D804C0A00563CB9 /* PBXTargetDependency */,
			);
			name = "播放声音UITests";
			productName = "播放声音UITests";
			productReference = 6C1BDB6C1D804C0A00563CB9 /* 播放声音UITests.xctest */;
			productType = "com.apple.product-type.bundle.ui-testing";
		};
/* End PBXNativeTarget section */

/* Begin PBXProject section */
		6C1BDB401D804C0A00563CB9 /* Project object */ = {
			isa = PBXProject;
			attributes = {
				LastUpgradeCheck = 0730;
				ORGANIZATIONNAME = "🍋";
				TargetAttributes = {
					6C1BDB471D804C0A00563CB9 = {
						CreatedOnToolsVersion = 7.3.1;
						DevelopmentTeam = VAG9DN592V;
					};
					6C1BDB601D804C0A00563CB9 = {
						CreatedOnToolsVersion = 7.3.1;
						DevelopmentTeam = VAG9DN592V;
						TestTargetID = 6C1BDB471D804C0A00563CB9;
					};
					6C1BDB6B1D804C0A00563CB9 = {
						CreatedOnToolsVersion = 7.3.1;
						DevelopmentTeam = VAG9DN592V;
						TestTargetID = 6C1BDB471D804C0A00563CB9;
					};
				};
			};
			buildConfigurationList = 6C1BDB431D804C0A00563CB9 /* Build configuration list for PBXProject "播放声音" */;
			compatibilityVersion = "Xcode 3.2";
			developmentRegion = English;
			hasScannedForEncodings = 0;
			knownRegions = (
				en,
				Base,
			);
			mainGroup = 6C1BDB3F1D804C0A00563CB9;
			productRefGroup = 6C1BDB491D804C0A00563CB9 /* Products */;
			projectDirPath = "";
			projectRoot = "";
			targets = (
				6C1BDB471D804C0A00563CB9 /* 播放声音 */,
				6C1BDB601D804C0A00563CB9 /* 播放声音Tests */,
				6C1BDB6B1D804C0A00563CB9 /* 播放声音UITests */,
			);
		};
/* End PBXProject section */

/* Begin PBXResourcesBuildPhase section */
		6C1BDB461D804C0A00563CB9 /* Resources */ = {
			isa = PBXResourcesBuildPhase;
			buildActionMask = 2147483647;
			files = (
				6C1BDB5B1D804C0A00563CB9 /* LaunchScreen.storyboard in Resources */,
				6C261A611D8D2DF100CEC937 /* 歌词.lrc in Resources */,
				6C1BDB581D804C0A00563CB9 /* Assets.xcassets in Resources */,
				6C261A621D8D2DF100CEC937 /* 音乐.mp3 in Resources */,
				6C1BDB561D804C0A00563CB9 /* Main.storyboard in Resources */,
			);
			runOnlyForDeploymentPostprocessing = 0;
		};
		6C1BDB5F1D804C0A00563CB9 /* Resources */ = {
			isa = PBXResourcesBuildPhase;
			buildActionMask = 2147483647;
			files = (
			);
			runOnlyForDeploymentPostprocessing = 0;
		};
		6C1BDB6A1D804C0A00563CB9 /* Resources */ = {
			isa = PBXResourcesBuildPhase;
			buildActionMask = 2147483647;
			files = (
			);
			runOnlyForDeploymentPostprocessing = 0;
		};
/* End PBXResourcesBuildPhase section */

/* Begin PBXSourcesBuildPhase section */
		6C1BDB441D804C0A00563CB9 /* Sources */ = {
			isa = PBXSourcesBuildPhase;
			buildActionMask = 2147483647;
			files = (
				6C1BDB531D804C0A00563CB9 /* ViewController.m in Sources */,
				6CDF59821DE2E59A0088433C /* Lrc.m in Sources */,
				6C1BDB501D804C0A00563CB9 /* AppDelegate.m in Sources */,
				6C1BDB4D1D804C0A00563CB9 /* main.m in Sources */,
			);
			runOnlyForDeploymentPostprocessing = 0;
		};
		6C1BDB5D1D804C0A00563CB9 /* Sources */ = {
			isa = PBXSourcesBuildPhase;
			buildActionMask = 2147483647;
			files = (
				6C1BDB661D804C0A00563CB9 /* ____Tests.m in Sources */,
			);
			runOnlyForDeploymentPostprocessing = 0;
		};
		6C1BDB681D804C0A00563CB9 /* Sources */ = {
			isa = PBXSourcesBuildPhase;
			buildActionMask = 2147483647;
			files = (
				6C1BDB711D804C0A00563CB9 /* ____UITests.m in Sources */,
			);
			runOnlyForDeploymentPostprocessing = 0;
		};
/* End PBXSourcesBuildPhase section */

/* Begin PBXTargetDependency section */
		6C1BDB631D804C0A00563CB9 /* PBXTargetDependency */ = {
			isa = PBXTargetDependency;
			target = 6C1BDB471D804C0A00563CB9 /* 播放声音 */;
			targetProxy = 6C1BDB621D804C0A00563CB9 /* PBXContainerItemProxy */;
		};
		6C1BDB6E1D804C0A00563CB9 /* PBXTargetDependency */ = {
			isa = PBXTargetDependency;
			target = 6C1BDB471D804C0A00563CB9 /* 播放声音 */;
			targetProxy = 6C1BDB6D1D804C0A00563CB9 /* PBXContainerItemProxy */;
		};
/* End PBXTargetDependency section */

/* Begin PBXVariantGroup section */
		6C1BDB541D804C0A00563CB9 /* Main.storyboard */ = {
			isa = PBXVariantGroup;
			children = (
				6C1BDB551D804C0A00563CB9 /* Base */,
			);
			name = Main.storyboard;
			sourceTree = "<group>";
		};
		6C1BDB591D804C0A00563CB9 /* LaunchScreen.storyboard */ = {
			isa = PBXVariantGroup;
			children = (
				6C1BDB5A1D804C0A00563CB9 /* Base */,
			);
			name = LaunchScreen.storyboard;
			sourceTree = "<group>";
		};
/* End PBXVariantGroup section */

/* Begin XCBuildConfiguration section */
		6C1BDB731D804C0A00563CB9 /* Debug */ = {
			isa = XCBuildConfiguration;
			buildSettings = {
				ALWAYS_SEARCH_USER_PATHS = NO;
				CLANG_ANALYZER_NONNULL = YES;
				CLANG_CXX_LANGUAGE_STANDARD = "gnu++0x";
				CLANG_CXX_LIBRARY = "libc++";
				CLANG_ENABLE_MODULES = YES;
				CLANG_ENABLE_OBJC_ARC = YES;
				CLANG_WARN_BOOL_CONVERSION = YES;
				CLANG_WARN_CONSTANT_CONVERSION = YES;
				CLANG_WARN_DIRECT_OBJC_ISA_USAGE = YES_ERROR;
				CLANG_WARN_EMPTY_BODY = YES;
				CLANG_WARN_ENUM_CONVERSION = YES;
				CLANG_WARN_INT_CONVERSION = YES;
				CLANG_WARN_OBJC_ROOT_CLASS = YES_ERROR;
				CLANG_WARN_UNREACHABLE_CODE = YES;
				CLANG_WARN__DUPLICATE_METHOD_MATCH = YES;
				"CODE_SIGN_IDENTITY[sdk=iphoneos*]" = "iPhone Developer";
				COPY_PHASE_STRIP = NO;
				DEBUG_INFORMATION_FORMAT = dwarf;
				ENABLE_STRICT_OBJC_MSGSEND = YES;
				ENABLE_TESTABILITY = YES;
				GCC_C_LANGUAGE_STANDARD = gnu99;
				GCC_DYNAMIC_NO_PIC = NO;
				GCC_NO_COMMON_BLOCKS = YES;
				GCC_OPTIMIZATION_LEVEL = 0;
				GCC_PREPROCESSOR_DEFINITIONS = (
					"DEBUG=1",
					"$(inherited)",
				);
				GCC_WARN_64_TO_32_BIT_CONVERSION = YES;
				GCC_WARN_ABOUT_RETURN_TYPE = YES_ERROR;
				GCC_WARN_UNDECLARED_SELECTOR = YES;
				GCC_WARN_UNINITIALIZED_AUTOS = YES_AGGRESSIVE;
				GCC_WARN_UNUSED_FUNCTION = YES;
				GCC_WARN_UNUSED_VARIABLE = YES;
				IPHONEOS_DEPLOYMENT_TARGET = 9.3;
				MTL_ENABLE_DEBUG_INFO = YES;
				ONLY_ACTIVE_ARCH = YES;
				SDKROOT = iphoneos;
				TARGETED_DEVICE_FAMILY = "1,2";
			};
			name = Debug;
		};
		6C1BDB741D804C0A00563CB9 /* Release */ = {
			isa = XCBuildConfiguration;
			buildSettings = {
				ALWAYS_SEARCH_USER_PATHS = NO;
				CLANG_ANALYZER_NONNULL = YES;
				CLANG_CXX_LANGUAGE_STANDARD = "gnu++0x";
				CLANG_CXX_LIBRARY = "libc++";
				CLANG_ENABLE_MODULES = YES;
				CLANG_ENABLE_OBJC_ARC = YES;
				CLANG_WARN_BOOL_CONVERSION = YES;
				CLANG_WARN_CONSTANT_CONVERSION = YES;
				CLANG_WARN_DIRECT_OBJC_ISA_USAGE = YES_ERROR;
				CLANG_WARN_EMPTY_BODY = YES;
				CLANG_WARN_ENUM_CONVERSION = YES;
				CLANG_WARN_INT_CONVERSION = YES;
				CLANG_WARN_OBJC_ROOT_CLASS = YES_ERROR;
				CLANG_WARN_UNREACHABLE_CODE = YES;
				CLANG_WARN__DUPLICATE_METHOD_MATCH = YES;
				"CODE_SIGN_IDENTITY[sdk=iphoneos*]" = "iPhone Developer";
				COPY_PHASE_STRIP = NO;
				DEBUG_INFORMATION_FORMAT = "dwarf-with-dsym";
				ENABLE_NS_ASSERTIONS = NO;
				ENABLE_STRICT_OBJC_MSGSEND = YES;
				GCC_C_LANGUAGE_STANDARD = gnu99;
				GCC_NO_COMMON_BLOCKS = YES;
				GCC_WARN_64_TO_32_BIT_CONVERSION = YES;
				GCC_WARN_ABOUT_RETURN_TYPE = YES_ERROR;
				GCC_WARN_UNDECLARED_SELECTOR = YES;
				GCC_WARN_UNINITIALIZED_AUTOS = YES_AGGRESSIVE;
				GCC_WARN_UNUSED_FUNCTION = YES;
				GCC_WARN_UNUSED_VARIABLE = YES;
				IPHONEOS_DEPLOYMENT_TARGET = 9.3;
				MTL_ENABLE_DEBUG_INFO = NO;
				SDKROOT = iphoneos;
				TARGETED_DEVICE_FAMILY = "1,2";
				VALIDATE_PRODUCT = YES;
			};
			name = Release;
		};
		6C1BDB761D804C0A00563CB9 /* Debug */ = {
			isa = XCBuildConfiguration;
			buildSettings = {
				ASSETCATALOG_COMPILER_APPICON_NAME = AppIcon;
				INFOPLIST_FILE = "播放声音/Info.plist";
				LD_RUNPATH_SEARCH_PATHS = "$(inherited) @executable_path/Frameworks";
				PRODUCT_BUNDLE_IDENTIFIER = apple.use;
				PRODUCT_NAME = "$(TARGET_NAME)";
			};
			name = Debug;
		};
		6C1BDB771D804C0A00563CB9 /* Release */ = {
			isa = XCBuildConfiguration;
			buildSettings = {
				ASSETCATALOG_COMPILER_APPICON_NAME = AppIcon;
				INFOPLIST_FILE = "播放声音/Info.plist";
				LD_RUNPATH_SEARCH_PATHS = "$(inherited) @executable_path/Frameworks";
				PRODUCT_BUNDLE_IDENTIFIER = apple.use;
				PRODUCT_NAME = "$(TARGET_NAME)";
			};
			name = Release;
		};
		6C1BDB791D804C0A00563CB9 /* Debug */ = {
			isa = XCBuildConfiguration;
			buildSettings = {
				BUNDLE_LOADER = "$(TEST_HOST)";
				INFOPLIST_FILE = "播放声音Tests/Info.plist";
				LD_RUNPATH_SEARCH_PATHS = "$(inherited) @executable_path/Frameworks @loader_path/Frameworks";
				PRODUCT_BUNDLE_IDENTIFIER = "apple.----Tests";
				PRODUCT_NAME = "$(TARGET_NAME)";
				TEST_HOST = "$(BUILT_PRODUCTS_DIR)/播放声音.app/播放声音";
			};
			name = Debug;
		};
		6C1BDB7A1D804C0A00563CB9 /* Release */ = {
			isa = XCBuildConfiguration;
			buildSettings = {
				BUNDLE_LOADER = "$(TEST_HOST)";
				INFOPLIST_FILE = "播放声音Tests/Info.plist";
				LD_RUNPATH_SEARCH_PATHS = "$(inherited) @executable_path/Frameworks @loader_path/Frameworks";
				PRODUCT_BUNDLE_IDENTIFIER = "apple.----Tests";
				PRODUCT_NAME = "$(TARGET_NAME)";
				TEST_HOST = "$(BUILT_PRODUCTS_DIR)/播放声音.app/播放声音";
			};
			name = Release;
		};
		6C1BDB7C1D804C0A00563CB9 /* Debug */ = {
			isa = XCBuildConfiguration;
			buildSettings = {
				INFOPLIST_FILE = "播放声音UITests/Info.plist";
				LD_RUNPATH_SEARCH_PATHS = "$(inherited) @executable_path/Frameworks @loader_path/Frameworks";
				PRODUCT_BUNDLE_IDENTIFIER = "apple.----UITests";
				PRODUCT_NAME = "$(TARGET_NAME)";
				TEST_TARGET_NAME = "播放声音";
			};
			name = Debug;
		};
		6C1BDB7D1D804C0A00563CB9 /* Release */ = {
			isa = XCBuildConfiguration;
			buildSettings = {
				INFOPLIST_FILE = "播放声音UITests/Info.plist";
				LD_RUNPATH_SEARCH_PATHS = "$(inherited) @executable_path/Frameworks @loader_path/Frameworks";
				PRODUCT_BUNDLE_IDENTIFIER = "apple.----UITests";
				PRODUCT_NAME = "$(TARGET_NAME)";
				TEST_TARGET_NAME = "播放声音";
			};
			name = Release;
		};
/* End XCBuildConfiguration section */

/* Begin XCConfigurationList section */
		6C1BDB431D804C0A00563CB9 /* Build configuration list for PBXProject "播放声音" */ = {
			isa = XCConfigurationList;
			buildConfigurations = (
				6C1BDB731D804C0A00563CB9 /* Debug */,
				6C1BDB741D804C0A00563CB9 /* Release */,
			);
			defaultConfigurationIsVisible = 0;
			defaultConfigurationName = Release;
		};
		6C1BDB751D804C0A00563CB9 /* Build configuration list for PBXNativeTarget "播放声音" */ = {
			isa = XCConfigurationList;
			buildConfigurations = (
				6C1BDB761D804C0A00563CB9 /* Debug */,
				6C1BDB771D804C0A00563CB9 /* Release */,
			);
			defaultConfigurationIsVisible = 0;
			defaultConfigurationName = Release;
		};
		6C1BDB781D804C0A00563CB9 /* Build configuration list for PBXNativeTarget "播放声音Tests" */ = {
			isa = XCConfigurationList;
			buildConfigurations = (
				6C1BDB791D804C0A00563CB9 /* Debug */,
				6C1BDB7A1D804C0A00563CB9 /* Release */,
			);
			defaultConfigurationIsVisible = 0;
			defaultConfigurationName = Release;
		};
		6C1BDB7B1D804C0A00563CB9 /* Build configuration list for PBXNativeTarget "播放声音UITests" */ = {
			isa = XCConfigurationList;
			buildConfigurations = (
				6C1BDB7C1D804C0A00563CB9 /* Debug */,
				6C1BDB7D1D804C0A00563CB9 /* Release */,
			);
			defaultConfigurationIsVisible = 0;
			defaultConfigurationName = Release;
		};
/* End XCConfigurationList section */
	};
	rootObject = 6C1BDB401D804C0A00563CB9 /* Project object */;
}
